
Microsoft Visual Studio Solution File, Format Version 12.00
# Visual Studio Version 16
VisualStudioVersion = 16.0.30225.117
MinimumVisualStudioVersion = 10.0.40219.1
Project("{9A19103F-16F7-4668-BE54-9A1E7A4F7556}") = "TrackerLibrary", "TrackerLibrary\TrackerLibrary.csproj", "{3001DDC3-B19F-4147-A247-D5A089104970}"
EndProject
Project("{9A19103F-16F7-4668-BE54-9A1E7A4F7556}") = "TrackerUI", "TrackerUI\TrackerUI.csproj", "{B6011931-E9D8-424B-98A5-C7CDAE6AC8BE}"
EndProject
Project("{FAE04EC0-301F-11D3-BF4B-00C04F79EFBC}") = "ConsoleApp", "ConsoleApp\ConsoleApp.csproj", "{4E6B7437-0D58-4A09-8906-0DC73E33804C}"
EndProject
Project("{E53339B2-1760-4266-BCC7-CA923CBCF16C}") = "docker-compose", "docker-compose.dcproj", "{390FD767-B269-47EA-B50A-F7D7B47C3DBB}"
EndProject
Global
	GlobalSection(SolutionConfigurationPlatforms) = preSolution
		Debug|Any CPU = Debug|Any CPU
		Release|Any CPU = Release|Any CPU
	EndGlobalSection
	GlobalSection(ProjectConfigurationPlatforms) = postSolution
		{3001DDC3-B19F-4147-A247-D5A089104970}.Debug|Any CPU.ActiveCfg = Debug|Any CPU
		{3001DDC3-B19F-4147-A247-D5A089104970}.Debug|Any CPU.Build.0 = Debug|Any CPU
		{3001DDC3-B19F-4147-A247-D5A089104970}.Release|Any CPU.ActiveCfg = Release|Any CPU
		{3001DDC3-B19F-4147-A247-D5A089104970}.Release|Any CPU.Build.0 = Release|Any CPU
		{B6011931-E9D8-424B-98A5-C7CDAE6AC8BE}.Debug|Any CPU.ActiveCfg = Debug|Any CPU
		{B6011931-E9D8-424B-98A5-C7CDAE6AC8BE}.Debug|Any CPU.Build.0 = Debug|Any CPU
		{B6011931-E9D8-424B-98A5-C7CDAE6AC8BE}.Release|Any CPU.ActiveCfg = Release|Any CPU
		{B6011931-E9D8-424B-98A5-C7CDAE6AC8BE}.Release|Any CPU.Build.0 = Release|Any CPU
		{4E6B7437-0D58-4A09-8906-0DC73E33804C}.Debug|Any CPU.ActiveCfg = Debug|Any CPU
		{4E6B7437-0D58-4A09-8906-0DC73E33804C}.Debug|Any CPU.Build.0 = Debug|Any CPU
		{4E6B7437-0D58-4A09-8906-0DC73E33804C}.Release|Any CPU.ActiveCfg = Release|Any CPU
		{4E6B7437-0D58-4A09-8906-0DC73E33804C}.Release|Any CPU.Build.0 = Release|Any CPU
		{390FD767-B269-47EA-B50A-F7D7B47C3DBB}.Debug|Any CPU.ActiveCfg = Debug|Any CPU
		{390FD767-B269-47EA-B50A-F7D7B47C3DBB}.Debug|Any CPU.Build.0 = Debug|Any CPU
		{390FD767-B269-47EA-B50A-F7D7B47C3DBB}.Release|Any CPU.ActiveCfg = Release|Any CPU
		{390FD767-B269-47EA-B50A-F7D7B47C3DBB}.Release|Any CPU.Build.0 = Release|Any CPU
	EndGlobalSection
	GlobalSection(SolutionProperties) = preSolution
		HideSolutionNode = FALSE
	EndGlobalSection
	GlobalSection(ExtensibilityGlobals) = postSolution
		SolutionGuid = {E0CD4FFB-4B75-4317-B718-AF439B66CCC3}
	EndGlobalSection
EndGlobal
