
Microsoft Visual Studio Solution File, Format Version 12.00
# Visual Studio Version 16
VisualStudioVersion = 16.0.30225.117
MinimumVisualStudioVersion = 10.0.40219.1
Project("{FAE04EC0-301F-11D3-BF4B-00C04F79EFBC}") = "TrackerLibrary", "TrackerLibrary\TrackerLibrary.csproj", "{3001DDC3-B19F-4147-A247-D5A089104970}"
EndProject
Project("{FAE04EC0-301F-11D3-BF4B-00C04F79EFBC}") = "TrackerUI", "TrackerUI\TrackerUI.csproj", "{B6011931-E9D8-424B-98A5-C7CDAE6AC8BE}"
EndProject
Global
	GlobalSection(SolutionConfigurationPlatforms) = preSolution
		Debug|Any CPU = Debug|Any CPU
		Release|Any CPU = Release|Any CPU
	EndGlobalSection
	GlobalSection(ProjectConfigurationPlatforms) = postSolution
		{3001DDC3-B19F-4147-A247-D5A089104970}.Debug|Any CPU.ActiveCfg = Debug|Any CPU
		{3001DDC3-B19F-4147-A247-D5A089104970}.Debug|Any CPU.Build.0 = Debug|Any CPU
		{3001DDC3-B19F-4147-A247-D5A089104970}.Release|Any CPU.ActiveCfg = Release|Any CPU
		{3001DDC3-B19F-4147-A247-D5A089104970}.Release|Any CPU.Build.0 = Release|Any CPU
		{B6011931-E9D8-424B-98A5-C7CDAE6AC8BE}.Debug|Any CPU.ActiveCfg = Debug|Any CPU
		{B6011931-E9D8-424B-98A5-C7CDAE6AC8BE}.Debug|Any CPU.Build.0 = Debug|Any CPU
		{B6011931-E9D8-424B-98A5-C7CDAE6AC8BE}.Release|Any CPU.ActiveCfg = Release|Any CPU
		{B6011931-E9D8-424B-98A5-C7CDAE6AC8BE}.Release|Any CPU.Build.0 = Release|Any CPU
	EndGlobalSection
	GlobalSection(SolutionProperties) = preSolution
		HideSolutionNode = FALSE
	EndGlobalSection
	GlobalSection(ExtensibilityGlobals) = postSolution
		SolutionGuid = {E0CD4FFB-4B75-4317-B718-AF439B66CCC3}
	EndGlobalSection
EndGlobal
